
Microsoft Visual Studio Solution File, Format Version 12.00
# Visual Studio Version 17
VisualStudioVersion = 17.14.35821.62 d17.14
MinimumVisualStudioVersion = 10.0.40219.1
Project("{FAE04EC0-301F-11D3-BF4B-00C04F79EFBC}") = "AutoGenMauiPlayground", "AutoGenMauiPlayground.csproj", "{D8A8A54F-4F63-48E5-9D8C-4EADB3DCC7A5}"
EndProject
Global
	GlobalSection(SolutionConfigurationPlatforms) = preSolution
		Debug|Any CPU = Debug|Any CPU
		Release|Any CPU = Release|Any CPU
	EndGlobalSection
	GlobalSection(ProjectConfigurationPlatforms) = postSolution
		{D8A8A54F-4F63-48E5-9D8C-4EADB3DCC7A5}.Debug|Any CPU.ActiveCfg = Debug|Any CPU
		{D8A8A54F-4F63-48E5-9D8C-4EADB3DCC7A5}.Debug|Any CPU.Build.0 = Debug|Any CPU
		{D8A8A54F-4F63-48E5-9D8C-4EADB3DCC7A5}.Release|Any CPU.ActiveCfg = Release|Any CPU
		{D8A8A54F-4F63-48E5-9D8C-4EADB3DCC7A5}.Release|Any CPU.Build.0 = Release|Any CPU
	EndGlobalSection
	GlobalSection(SolutionProperties) = preSolution
		HideSolutionNode = FALSE
	EndGlobalSection
	GlobalSection(ExtensibilityGlobals) = postSolution
		SolutionGuid = {4211CCD5-FA34-4A07-8CFE-8992512E001B}
	EndGlobalSection
EndGlobal
